
Microsoft Visual Studio Solution File, Format Version 12.00
# Visual Studio 14
VisualStudioVersion = 14.0.25420.1
MinimumVisualStudioVersion = 10.0.40219.1
Project("{8BC9CEB8-8B4A-11D0-8D11-00A0C91BC942}") = "A0", "A0\A0.vcxproj", "{84491B47-FA6C-462F-9DF1-F3E0ACA8AACB}"
EndProject
Project("{8BC9CEB8-8B4A-11D0-8D11-00A0C91BC942}") = "A1", "A1\A1.vcxproj", "{7FE00C5A-743E-45A4-A6FE-B05A32872A47}"
EndProject
Project("{8BC9CEB8-8B4A-11D0-8D11-00A0C91BC942}") = "A2", "A2\A2.vcxproj", "{8B5A8D16-8DEA-4A47-AA5D-2836BD1EFC5B}"
EndProject
Project("{8BC9CEB8-8B4A-11D0-8D11-00A0C91BC942}") = "A3", "A3\A3.vcxproj", "{2A9911D8-E8EF-4C41-B0BE-62AB63EC58A1}"
EndProject
Project("{8BC9CEB8-8B4A-11D0-8D11-00A0C91BC942}") = "A4", "A4\A4.vcxproj", "{58DC3EC4-BF01-4EE3-90AA-0D2C1A206014}"
EndProject
Project("{8BC9CEB8-8B4A-11D0-8D11-00A0C91BC942}") = "A5", "A5\A5.vcxproj", "{E971A885-C526-4F7C-AC37-7CCBD80593CA}"
EndProject
Global
	GlobalSection(SolutionConfigurationPlatforms) = preSolution
		Debug|x64 = Debug|x64
		Debug|x86 = Debug|x86
		Release|x64 = Release|x64
		Release|x86 = Release|x86
	EndGlobalSection
	GlobalSection(ProjectConfigurationPlatforms) = postSolution
		{84491B47-FA6C-462F-9DF1-F3E0ACA8AACB}.Debug|x64.ActiveCfg = Debug|x64
		{84491B47-FA6C-462F-9DF1-F3E0ACA8AACB}.Debug|x64.Build.0 = Debug|x64
		{84491B47-FA6C-462F-9DF1-F3E0ACA8AACB}.Debug|x86.ActiveCfg = Debug|Win32
		{84491B47-FA6C-462F-9DF1-F3E0ACA8AACB}.Debug|x86.Build.0 = Debug|Win32
		{84491B47-FA6C-462F-9DF1-F3E0ACA8AACB}.Release|x64.ActiveCfg = Release|x64
		{84491B47-FA6C-462F-9DF1-F3E0ACA8AACB}.Release|x64.Build.0 = Release|x64
		{84491B47-FA6C-462F-9DF1-F3E0ACA8AACB}.Release|x86.ActiveCfg = Release|Win32
		{84491B47-FA6C-462F-9DF1-F3E0ACA8AACB}.Release|x86.Build.0 = Release|Win32
		{7FE00C5A-743E-45A4-A6FE-B05A32872A47}.Debug|x64.ActiveCfg = Debug|x64
		{7FE00C5A-743E-45A4-A6FE-B05A32872A47}.Debug|x64.Build.0 = Debug|x64
		{7FE00C5A-743E-45A4-A6FE-B05A32872A47}.Debug|x86.ActiveCfg = Debug|Win32
		{7FE00C5A-743E-45A4-A6FE-B05A32872A47}.Debug|x86.Build.0 = Debug|Win32
		{7FE00C5A-743E-45A4-A6FE-B05A32872A47}.Release|x64.ActiveCfg = Release|x64
		{7FE00C5A-743E-45A4-A6FE-B05A32872A47}.Release|x64.Build.0 = Release|x64
		{7FE00C5A-743E-45A4-A6FE-B05A32872A47}.Release|x86.ActiveCfg = Release|Win32
		{7FE00C5A-743E-45A4-A6FE-B05A32872A47}.Release|x86.Build.0 = Release|Win32
		{8B5A8D16-8DEA-4A47-AA5D-2836BD1EFC5B}.Debug|x64.ActiveCfg = Debug|x64
		{8B5A8D16-8DEA-4A47-AA5D-2836BD1EFC5B}.Debug|x64.Build.0 = Debug|x64
		{8B5A8D16-8DEA-4A47-AA5D-2836BD1EFC5B}.Debug|x86.ActiveCfg = Debug|Win32
		{8B5A8D16-8DEA-4A47-AA5D-2836BD1EFC5B}.Debug|x86.Build.0 = Debug|Win32
		{8B5A8D16-8DEA-4A47-AA5D-2836BD1EFC5B}.Release|x64.ActiveCfg = Release|x64
		{8B5A8D16-8DEA-4A47-AA5D-2836BD1EFC5B}.Release|x64.Build.0 = Release|x64
		{8B5A8D16-8DEA-4A47-AA5D-2836BD1EFC5B}.Release|x86.ActiveCfg = Release|Win32
		{8B5A8D16-8DEA-4A47-AA5D-2836BD1EFC5B}.Release|x86.Build.0 = Release|Win32
		{2A9911D8-E8EF-4C41-B0BE-62AB63EC58A1}.Debug|x64.ActiveCfg = Debug|x64
		{2A9911D8-E8EF-4C41-B0BE-62AB63EC58A1}.Debug|x64.Build.0 = Debug|x64
		{2A9911D8-E8EF-4C41-B0BE-62AB63EC58A1}.Debug|x86.ActiveCfg = Debug|Win32
		{2A9911D8-E8EF-4C41-B0BE-62AB63EC58A1}.Debug|x86.Build.0 = Debug|Win32
		{2A9911D8-E8EF-4C41-B0BE-62AB63EC58A1}.Release|x64.ActiveCfg = Release|x64
		{2A9911D8-E8EF-4C41-B0BE-62AB63EC58A1}.Release|x64.Build.0 = Release|x64
		{2A9911D8-E8EF-4C41-B0BE-62AB63EC58A1}.Release|x86.ActiveCfg = Release|Win32
		{2A9911D8-E8EF-4C41-B0BE-62AB63EC58A1}.Release|x86.Build.0 = Release|Win32
		{58DC3EC4-BF01-4EE3-90AA-0D2C1A206014}.Debug|x64.ActiveCfg = Debug|x64
		{58DC3EC4-BF01-4EE3-90AA-0D2C1A206014}.Debug|x64.Build.0 = Debug|x64
		{58DC3EC4-BF01-4EE3-90AA-0D2C1A206014}.Debug|x86.ActiveCfg = Debug|Win32
		{58DC3EC4-BF01-4EE3-90AA-0D2C1A206014}.Debug|x86.Build.0 = Debug|Win32
		{58DC3EC4-BF01-4EE3-90AA-0D2C1A206014}.Release|x64.ActiveCfg = Release|x64
		{58DC3EC4-BF01-4EE3-90AA-0D2C1A206014}.Release|x64.Build.0 = Release|x64
		{58DC3EC4-BF01-4EE3-90AA-0D2C1A206014}.Release|x86.ActiveCfg = Release|Win32
		{58DC3EC4-BF01-4EE3-90AA-0D2C1A206014}.Release|x86.Build.0 = Release|Win32
		{E971A885-C526-4F7C-AC37-7CCBD80593CA}.Debug|x64.ActiveCfg = Debug|x64
		{E971A885-C526-4F7C-AC37-7CCBD80593CA}.Debug|x64.Build.0 = Debug|x64
		{E971A885-C526-4F7C-AC37-7CCBD80593CA}.Debug|x86.ActiveCfg = Debug|Win32
		{E971A885-C526-4F7C-AC37-7CCBD80593CA}.Debug|x86.Build.0 = Debug|Win32
		{E971A885-C526-4F7C-AC37-7CCBD80593CA}.Release|x64.ActiveCfg = Release|x64
		{E971A885-C526-4F7C-AC37-7CCBD80593CA}.Release|x64.Build.0 = Release|x64
		{E971A885-C526-4F7C-AC37-7CCBD80593CA}.Release|x86.ActiveCfg = Release|Win32
		{E971A885-C526-4F7C-AC37-7CCBD80593CA}.Release|x86.Build.0 = Release|Win32
	EndGlobalSection
	GlobalSection(SolutionProperties) = preSolution
		HideSolutionNode = FALSE
	EndGlobalSection
EndGlobal
