<?xml version="1.0" encoding="utf-8"?>
<Project ToolsVersion="4.0" xmlns="http://schemas.microsoft.com/developer/msbuild/2003">
  <ItemGroup>
    <Filter Include="Source Files">
      <UniqueIdentifier>{4FC737F1-C7A5-4376-A066-2A32D752A2FF}</UniqueIdentifier>
      <Extensions>cpp;c;cc;cxx;def;odl;idl;hpj;bat;asm;asmx</Extensions>
    </Filter>
    <Filter Include="Header Files">
      <UniqueIdentifier>{93995380-89BD-4b04-88EB-625FBE52EBFB}</UniqueIdentifier>
      <Extensions>h;hh;hpp;hxx;hm;inl;inc;xsd</Extensions>
    </Filter>
    <Filter Include="Resource Files">
      <UniqueIdentifier>{67DA6AB6-F800-4c08-8B7A-83BB121AAD01}</UniqueIdentifier>
      <Extensions>rc;ico;cur;bmp;dlg;rc2;rct;bin;rgs;gif;jpg;jpeg;jpe;resx;tiff;tif;png;wav;mfcribbon-ms</Extensions>
    </Filter>
    <Filter Include="shared">
      <UniqueIdentifier>{25b0a95e-738a-49b4-a1bb-9a077e71d9f2}</UniqueIdentifier>
    </Filter>
    <Filter Include="shared\cs488-framework">
      <UniqueIdentifier>{a89c3196-7e85-4302-927c-0be8ee1582b5}</UniqueIdentifier>
    </Filter>
    <Filter Include="shared\gl3w">
      <UniqueIdentifier>{26cecf9d-fb06-4eb9-88f4-d23d8abc3057}</UniqueIdentifier>
    </Filter>
    <Filter Include="shared\gl3w\GL">
      <UniqueIdentifier>{bb250ed4-8d59-4704-84a3-e6e7663a36ee}</UniqueIdentifier>
    </Filter>
    <Filter Include="shared\imgui">
      <UniqueIdentifier>{a8273385-e90c-4c38-926f-c8693105d761}</UniqueIdentifier>
    </Filter>
    <Filter Include="Assets">
      <UniqueIdentifier>{28a6fb6f-7516-44fe-8c98-73ba7e3200e6}</UniqueIdentifier>
    </Filter>
    <Filter Include="lib">
      <UniqueIdentifier>{30cb9829-5e9e-4fdc-93fd-cc45db8deec5}</UniqueIdentifier>
    </Filter>
  </ItemGroup>
  <ItemGroup>
    <ClCompile Include="..\shared\cs488-framework\GlErrorCheck.cpp">
      <Filter>shared\cs488-framework</Filter>
    </ClCompile>
    <ClCompile Include="..\shared\cs488-framework\ShaderProgram.cpp">
      <Filter>shared\cs488-framework</Filter>
    </ClCompile>
    <ClCompile Include="..\shared\gl3w\GL\gl3w.c">
      <Filter>shared\gl3w\GL</Filter>
    </ClCompile>
    <ClCompile Include="A5.cpp">
      <Filter>Source Files</Filter>
    </ClCompile>
    <ClCompile Include="Main.cpp">
      <Filter>Source Files</Filter>
    </ClCompile>
    <ClCompile Include="..\shared\imgui\imgui.cpp">
      <Filter>shared\imgui</Filter>
    </ClCompile>
    <ClCompile Include="..\shared\imgui\imgui_demo.cpp">
      <Filter>shared\imgui</Filter>
    </ClCompile>
    <ClCompile Include="..\shared\imgui\imgui_draw.cpp">
      <Filter>shared\imgui</Filter>
    </ClCompile>
    <ClCompile Include="..\shared\imgui\imgui_impl_glfw_gl3.cpp">
      <Filter>shared\imgui</Filter>
    </ClCompile>
    <ClCompile Include="Camera.cpp">
      <Filter>Source Files</Filter>
    </ClCompile>
    <ClCompile Include="Window.cpp">
      <Filter>Source Files</Filter>
    </ClCompile>
    <ClCompile Include="FastNoise.cpp">
      <Filter>Source Files</Filter>
    </ClCompile>
    <ClCompile Include="ObjFileDecoder.cpp">
      <Filter>Source Files</Filter>
    </ClCompile>
    <ClCompile Include="Tree.cpp">
      <Filter>Source Files</Filter>
    </ClCompile>
    <ClCompile Include="Utility.cpp">
      <Filter>Source Files</Filter>
    </ClCompile>
  </ItemGroup>
  <ItemGroup>
    <ClInclude Include="A5.hpp">
      <Filter>Header Files</Filter>
    </ClInclude>
    <ClInclude Include="Camera.hpp">
      <Filter>Header Files</Filter>
    </ClInclude>
    <ClInclude Include="Window.hpp">
      <Filter>Header Files</Filter>
    </ClInclude>
    <ClInclude Include="FastNoise.h">
      <Filter>Header Files</Filter>
    </ClInclude>
    <ClInclude Include="ObjFileDecoder.hpp">
      <Filter>Header Files</Filter>
    </ClInclude>
    <ClInclude Include="Tree.hpp">
      <Filter>Header Files</Filter>
    </ClInclude>
    <ClInclude Include="Utility.hpp">
      <Filter>Header Files</Filter>
    </ClInclude>
  </ItemGroup>
  <ItemGroup>
    <None Include="Assets\FragmentShader.frag">
      <Filter>Assets</Filter>
    </None>
    <None Include="Assets\VertexShader.vert">
      <Filter>Assets</Filter>
    </None>
  </ItemGroup>
</Project>